
Microsoft Visual Studio Solution File, Format Version 12.00
# Visual Studio 15
VisualStudioVersion = 15.0.28307.572
MinimumVisualStudioVersion = 10.0.40219.1
Project("{9A19103F-16F7-4668-BE54-9A1E7A4F7556}") = "ShopInfoTool", "ShopInfoTool\ShopInfoTool.csproj", "{5BD59BB0-53FD-4186-9126-2B5804005157}"
EndProject
Project("{FAE04EC0-301F-11D3-BF4B-00C04F79EFBC}") = "DataAccess", "DataAccess\DataAccess.csproj", "{A0362222-2C68-4A18-9E10-B285AFC2101A}"
EndProject
Global
	GlobalSection(SolutionConfigurationPlatforms) = preSolution
		Debug|Any CPU = Debug|Any CPU
		Release|Any CPU = Release|Any CPU
	EndGlobalSection
	GlobalSection(ProjectConfigurationPlatforms) = postSolution
		{5BD59BB0-53FD-4186-9126-2B5804005157}.Debug|Any CPU.ActiveCfg = Debug|Any CPU
		{5BD59BB0-53FD-4186-9126-2B5804005157}.Debug|Any CPU.Build.0 = Debug|Any CPU
		{5BD59BB0-53FD-4186-9126-2B5804005157}.Release|Any CPU.ActiveCfg = Release|Any CPU
		{5BD59BB0-53FD-4186-9126-2B5804005157}.Release|Any CPU.Build.0 = Release|Any CPU
		{A0362222-2C68-4A18-9E10-B285AFC2101A}.Debug|Any CPU.ActiveCfg = Debug|Any CPU
		{A0362222-2C68-4A18-9E10-B285AFC2101A}.Debug|Any CPU.Build.0 = Debug|Any CPU
		{A0362222-2C68-4A18-9E10-B285AFC2101A}.Release|Any CPU.ActiveCfg = Release|Any CPU
		{A0362222-2C68-4A18-9E10-B285AFC2101A}.Release|Any CPU.Build.0 = Release|Any CPU
	EndGlobalSection
	GlobalSection(SolutionProperties) = preSolution
		HideSolutionNode = FALSE
	EndGlobalSection
	GlobalSection(ExtensibilityGlobals) = postSolution
		SolutionGuid = {0250A5B7-0178-46CD-BFF8-D15989190C05}
	EndGlobalSection
EndGlobal
